<?xml version="1.0" encoding="utf-8"?>
<Project ToolsVersion="4.0" xmlns="http://schemas.microsoft.com/developer/msbuild/2003">
  <ItemGroup>
    <Filter Include="Source Files">
      <UniqueIdentifier>{4FC737F1-C7A5-4376-A066-2A32D752A2FF}</UniqueIdentifier>
      <Extensions>cpp;c;cc;cxx;c++;cppm;ixx;def;odl;idl;hpj;bat;asm;asmx</Extensions>
    </Filter>
    <Filter Include="Header Files">
      <UniqueIdentifier>{93995380-89BD-4b04-88EB-625FBE52EBFB}</UniqueIdentifier>
      <Extensions>h;hh;hpp;hxx;h++;hm;inl;inc;ipp;xsd</Extensions>
    </Filter>
    <Filter Include="Resource Files">
      <UniqueIdentifier>{67DA6AB6-F800-4c08-8B7A-83BB121AAD01}</UniqueIdentifier>
      <Extensions>rc;ico;cur;bmp;dlg;rc2;rct;bin;rgs;gif;jpg;jpeg;jpe;resx;tiff;tif;png;wav;mfcribbon-ms</Extensions>
    </Filter>
    <Filter Include="Engine">
      <UniqueIdentifier>{ab5b5e7d-475b-440e-bb9d-1b8563a3e1f4}</UniqueIdentifier>
    </Filter>
    <Filter Include="Assets">
      <UniqueIdentifier>{3710063a-ea2f-458a-a238-a64d5b5d1fbe}</UniqueIdentifier>
    </Filter>
    <Filter Include="Assets\Audio">
      <UniqueIdentifier>{d810c191-db63-49c9-bc32-4401f338f56e}</UniqueIdentifier>
    </Filter>
    <Filter Include="Assets\Audio\Raw">
      <UniqueIdentifier>{825be95b-0f25-4444-86f0-7984dfc5ee60}</UniqueIdentifier>
    </Filter>
    <Filter Include="Script">
      <UniqueIdentifier>{d98f7a8d-332d-458d-9026-991c3ade855e}</UniqueIdentifier>
    </Filter>
    <Filter Include="Assets\CharacterCodes">
      <UniqueIdentifier>{2787483c-ecef-4b2f-b1ff-4c1382856d05}</UniqueIdentifier>
    </Filter>
  </ItemGroup>
  <ItemGroup>
    <ClCompile Include="main.cpp">
      <Filter>Source Files</Filter>
    </ClCompile>
    <ClCompile Include="SpriteRenderer.cpp">
      <Filter>Engine</Filter>
    </ClCompile>
    <ClCompile Include="audioDriver.cpp">
      <Filter>Assets\Audio</Filter>
    </ClCompile>
    <ClCompile Include="testScript.cpp">
      <Filter>Script</Filter>
    </ClCompile>
    <ClCompile Include="CharacterCodes.cpp">
      <Filter>Assets\CharacterCodes</Filter>
    </ClCompile>
  </ItemGroup>
  <ItemGroup>
    <ClInclude Include="SpriteRenderer.h">
      <Filter>Header Files</Filter>
    </ClInclude>
    <ClInclude Include="audioDriver.h">
      <Filter>Header Files</Filter>
    </ClInclude>
    <ClInclude Include="chapters.h">
      <Filter>Header Files</Filter>
    </ClInclude>
    <ClInclude Include="globals.h">
      <Filter>Header Files</Filter>
    </ClInclude>
    <ClInclude Include="CharacterCodes.h">
      <Filter>Header Files</Filter>
    </ClInclude>
  </ItemGroup>
  <ItemGroup>
    <None Include=".gitignore" />
  </ItemGroup>
</Project>