
Microsoft Visual Studio Solution File, Format Version 12.00
# Visual Studio Version 17
VisualStudioVersion = 17.13.35931.197 d17.13
MinimumVisualStudioVersion = 10.0.40219.1
Project("{8BC9CEB8-8B4A-11D0-8D11-00A0C91BC942}") = "DDLCPS3", "DDLCPS3.vcxproj", "{743D7CDD-63A9-41F8-8569-EDA603C76151}"
EndProject
Global
	GlobalSection(SolutionConfigurationPlatforms) = preSolution
		Debug|x64 = Debug|x64
		Debug|x86 = Debug|x86
		Release|x64 = Release|x64
		Release|x86 = Release|x86
	EndGlobalSection
	GlobalSection(ProjectConfigurationPlatforms) = postSolution
		{743D7CDD-63A9-41F8-8569-EDA603C76151}.Debug|x64.ActiveCfg = Debug|x64
		{743D7CDD-63A9-41F8-8569-EDA603C76151}.Debug|x64.Build.0 = Debug|x64
		{743D7CDD-63A9-41F8-8569-EDA603C76151}.Debug|x86.ActiveCfg = Debug|Win32
		{743D7CDD-63A9-41F8-8569-EDA603C76151}.Debug|x86.Build.0 = Debug|Win32
		{743D7CDD-63A9-41F8-8569-EDA603C76151}.Release|x64.ActiveCfg = Release|x64
		{743D7CDD-63A9-41F8-8569-EDA603C76151}.Release|x64.Build.0 = Release|x64
		{743D7CDD-63A9-41F8-8569-EDA603C76151}.Release|x86.ActiveCfg = Release|Win32
		{743D7CDD-63A9-41F8-8569-EDA603C76151}.Release|x86.Build.0 = Release|Win32
	EndGlobalSection
	GlobalSection(SolutionProperties) = preSolution
		HideSolutionNode = FALSE
	EndGlobalSection
	GlobalSection(ExtensibilityGlobals) = postSolution
		SolutionGuid = {D661F9FA-7F40-4FC2-A4AB-319460481436}
	EndGlobalSection
EndGlobal
